{
    "_meta": {
        "hash": {
            "sha256": "da7fc9b885754c18f2bafc0675da598548188905a0d0bfdea8e9d52443826aa6"
        },
        "pipfile-spec": 6,
        "requires": {
            "python_version": "3.7"
        },
        "sources": [
            {
                "name": "pypi",
                "url": "https://pypi.org/simple",
                "verify_ssl": true
            }
        ]
    },
    "default": {
        "certifi": {
            "hashes": [
                "sha256:59b7658e26ca9c7339e00f8f4636cdfe59d34fa37b9b04f6f9e9926b3cece1a5",
                "sha256:b26104d6835d1f5e49452a26eb2ff87fe7090b89dfcaee5ea2212697e1e1d7ae"
            ],
            "version": "==2019.3.9"
        },
        "chardet": {
            "hashes": [
                "sha256:84ab92ed1c4d4f16916e05906b6b75a6c0fb5db821cc65e70cbd64a3e2a5eaae",
                "sha256:fc323ffcaeaed0e0a02bf4d117757b98aed530d9ed4531e3e15460124c106691"
            ],
            "version": "==3.0.4"
        },
        "idna": {
            "hashes": [
                "sha256:c357b3f628cf53ae2c4c05627ecc484553142ca23264e593d327bcde5e9c3407",
                "sha256:ea8b7f6188e6fa117537c3df7da9fc686d485087abf6ac197f9c46432f7e4a3c"
            ],
            "version": "==2.8"
        },
        "requests": {
            "hashes": [
                "sha256:502a824f31acdacb3a35b6690b5fbf0bc41d63a24a45c4004352b0242707598e",
                "sha256:7bf2a778576d825600030a110f3c0e3e8edc51dfaafe1c146e39a2027784957b"
            ],
            "index": "pypi",
            "version": "==2.21.0"
        },
        "urllib3": {
            "hashes": [
                "sha256:4c291ca23bbb55c76518905869ef34bdd5f0e46af7afe6861e8375643ffee1a0",
                "sha256:9a247273df709c4fedb38c711e44292304f73f39ab01beda9f6b9fc375669ac3"
            ],
            "version": "==1.24.2"
        }
    },
    "develop": {
        "mypy": {
            "hashes": [
                "sha256:2afe51527b1f6cdc4a5f34fc90473109b22bf7f21086ba3e9451857cf11489e6",
                "sha256:56a16df3e0abb145d8accd5dbb70eba6c4bd26e2f89042b491faa78c9635d1e2",
                "sha256:5764f10d27b2e93c84f70af5778941b8f4aa1379b2430f85c827e0f5464e8714",
                "sha256:5bbc86374f04a3aa817622f98e40375ccb28c4836f36b66706cf3c6ccce86eda",
                "sha256:6a9343089f6377e71e20ca734cd8e7ac25d36478a9df580efabfe9059819bf82",
                "sha256:6c9851bc4a23dc1d854d3f5dfd5f20a016f8da86bcdbb42687879bb5f86434b0",
                "sha256:b8e85956af3fcf043d6f87c91cbe8705073fc67029ba6e22d3468bfee42c4823",
                "sha256:b9a0af8fae490306bc112229000aa0c2ccc837b49d29a5c42e088c132a2334dd",
                "sha256:bbf643528e2a55df2c1587008d6e3bda5c0445f1240dfa85129af22ae16d7a9a",
                "sha256:c46ab3438bd21511db0f2c612d89d8344154c0c9494afc7fbc932de514cf8d15",
                "sha256:f7a83d6bd805855ef83ec605eb01ab4fa42bcef254b13631e451cbb44914a9b0"
            ],
            "index": "pypi",
            "version": "==0.701"
        },
        "mypy-extensions": {
            "hashes": [
                "sha256:37e0e956f41369209a3d5f34580150bcacfabaa57b33a15c0b25f4b5725e0812",
                "sha256:b16cabe759f55e3409a7d231ebd2841378fb0c27a5d1994719e340e4f429ac3e"
            ],
            "version": "==0.4.1"
        },
        "typed-ast": {
            "hashes": [
                "sha256:04894d268ba6eab7e093d43107869ad49e7b5ef40d1a94243ea49b352061b200",
                "sha256:16616ece19daddc586e499a3d2f560302c11f122b9c692bc216e821ae32aa0d0",
                "sha256:252fdae740964b2d3cdfb3f84dcb4d6247a48a6abe2579e8029ab3be3cdc026c",
                "sha256:2af80a373af123d0b9f44941a46df67ef0ff7a60f95872412a145f4500a7fc99",
                "sha256:2c88d0a913229a06282b285f42a31e063c3bf9071ff65c5ea4c12acb6977c6a7",
                "sha256:2ea99c029ebd4b5a308d915cc7fb95b8e1201d60b065450d5d26deb65d3f2bc1",
                "sha256:3d2e3ab175fc097d2a51c7a0d3fda442f35ebcc93bb1d7bd9b95ad893e44c04d",
                "sha256:4766dd695548a15ee766927bf883fb90c6ac8321be5a60c141f18628fb7f8da8",
                "sha256:56b6978798502ef66625a2e0f80cf923da64e328da8bbe16c1ff928c70c873de",
                "sha256:5cddb6f8bce14325b2863f9d5ac5c51e07b71b462361fd815d1d7706d3a9d682",
                "sha256:644ee788222d81555af543b70a1098f2025db38eaa99226f3a75a6854924d4db",
                "sha256:64cf762049fc4775efe6b27161467e76d0ba145862802a65eefc8879086fc6f8",
                "sha256:68c362848d9fb71d3c3e5f43c09974a0ae319144634e7a47db62f0f2a54a7fa7",
                "sha256:6c1f3c6f6635e611d58e467bf4371883568f0de9ccc4606f17048142dec14a1f",
                "sha256:b213d4a02eec4ddf622f4d2fbc539f062af3788d1f332f028a2e19c42da53f15",
                "sha256:bb27d4e7805a7de0e35bd0cb1411bc85f807968b2b0539597a49a23b00a622ae",
                "sha256:c9d414512eaa417aadae7758bc118868cd2396b0e6138c1dd4fda96679c079d3",
                "sha256:f0937165d1e25477b01081c4763d2d9cdc3b18af69cb259dd4f640c9b900fe5e",
                "sha256:fb96a6e2c11059ecf84e6741a319f93f683e440e341d4489c9b161eca251cf2a",
                "sha256:fc71d2d6ae56a091a8d94f33ec9d0f2001d1cb1db423d8b4355debfe9ce689b7"
            ],
            "version": "==1.3.4"
        }
    }
}
